name: Lock Inactive Threads

on:
  schedule:
    - cron: "0 5 * * *"
  workflow_dispatch:

permissions:
  contents: read

concurrency:
  group: lock

jobs:
  lock:
    runs-on: ubuntu-latest
    permissions:
      issues: write
      pull-requests: write
    steps:
      - name: Harden Runner
        uses: step-security/harden-runner@c95a14d0e5bab51a9f56296a4eb0e416910cd350 # v2.10.3
        with:
          egress-policy: audit

      - uses: dessant/lock-threads@1bf7ec25051fe7c00bdd17e6a7cf3d7bfb7dc771 # v5.0.1
        with:
          github-token: ${{ secrets.TOKEN }}
          add-issue-labels: "outdated"
          issue-inactive-days: "3"
          include-any-issue-labels: "wontfix, invalid, wait, Configuration incorrect, Bug: False Alarm, Bug: Xplora® wontfix"
          issue-comment: >
            This issue has been automatically locked since there
            has not been any recent activity after it was closed.
            Please open a new issue for related bugs.
          pr-inactive-days: "30"
          pr-comment: >
            This pull request has been automatically locked since there
            has not been any recent activity after it was closed.
            Please open a new issue for related bugs.
